version = 1
revision = 3
requires-python = ">=3.14"

[[package]]
name = "asn1crypto"
version = "1.5.1"
source = { registry = "https://pypi.org/simple" }
sdist = { url = "https://files.pythonhosted.org/packages/de/cf/d547feed25b5244fcb9392e288ff9fdc3280b10260362fc45d37a798a6ee/asn1crypto-1.5.1.tar.gz", hash = "sha256:13ae38502be632115abf8a24cbe5f4da52e3b5231990aff31123c805306ccb9c", size = 121080, upload-time = "2022-03-15T14:46:52.889Z" }
wheels = [
    { url = "https://files.pythonhosted.org/packages/c9/7f/09065fd9e27da0eda08b4d6897f1c13535066174cc023af248fc2a8d5e5a/asn1crypto-1.5.1-py2.py3-none-any.whl", hash = "sha256:db4e40728b728508912cbb3d44f19ce188f218e9eba635821bb4b68564f8fd67", size = 105045, upload-time = "2022-03-15T14:46:51.055Z" },
]

[[package]]
name = "asyncpg"
version = "0.31.0"
source = { registry = "https://pypi.org/simple" }
sdist = { url = "https://files.pythonhosted.org/packages/fe/cc/d18065ce2380d80b1bcce927c24a2642efd38918e33fd724bc4bca904877/asyncpg-0.31.0.tar.gz", hash = "sha256:c989386c83940bfbd787180f2b1519415e2d3d6277a70d9d0f0145ac73500735", size = 993667, upload-time = "2025-11-24T23:27:00.812Z" }
wheels = [
    { url = "https://files.pythonhosted.org/packages/3c/36/e9450d62e84a13aea6580c83a47a437f26c7ca6fa0f0fd40b6670793ea30/asyncpg-0.31.0-cp314-cp314-macosx_10_15_x86_64.whl", hash = "sha256:f6b56b91bb0ffc328c4e3ed113136cddd9deefdf5f79ab448598b9772831df44", size = 660867, upload-time = "2025-11-24T23:26:17.631Z" },
    { url = "https://files.pythonhosted.org/packages/82/4b/1d0a2b33b3102d210439338e1beea616a6122267c0df459ff0265cd5807a/asyncpg-0.31.0-cp314-cp314-macosx_11_0_arm64.whl", hash = "sha256:334dec28cf20d7f5bb9e45b39546ddf247f8042a690bff9b9573d00086e69cb5", size = 638349, upload-time = "2025-11-24T23:26:19.689Z" },
    { url = "https://files.pythonhosted.org/packages/41/aa/e7f7ac9a7974f08eff9183e392b2d62516f90412686532d27e196c0f0eeb/asyncpg-0.31.0-cp314-cp314-manylinux2014_aarch64.manylinux_2_17_aarch64.manylinux_2_28_aarch64.whl", hash = "sha256:98cc158c53f46de7bb677fd20c417e264fc02b36d901cc2a43bd6cb0dc6dbfd2", size = 3410428, upload-time = "2025-11-24T23:26:21.275Z" },
    { url = "https://files.pythonhosted.org/packages/6f/de/bf1b60de3dede5c2731e6788617a512bc0ebd9693eac297ee74086f101d7/asyncpg-0.31.0-cp314-cp314-manylinux2014_x86_64.manylinux_2_17_x86_64.manylinux_2_28_x86_64.whl", hash = "sha256:9322b563e2661a52e3cdbc93eed3be7748b289f792e0011cb2720d278b366ce2", size = 3471678, upload-time = "2025-11-24T23:26:23.627Z" },
    { url = "https://files.pythonhosted.org/packages/46/78/fc3ade003e22d8bd53aaf8f75f4be48f0b460fa73738f0391b9c856a9147/asyncpg-0.31.0-cp314-cp314-musllinux_1_2_aarch64.whl", hash = "sha256:19857a358fc811d82227449b7ca40afb46e75b33eb8897240c3839dd8b744218", size = 3313505, upload-time = "2025-11-24T23:26:25.235Z" },
    { url = "https://files.pythonhosted.org/packages/bf/e9/73eb8a6789e927816f4705291be21f2225687bfa97321e40cd23055e903a/asyncpg-0.31.0-cp314-cp314-musllinux_1_2_x86_64.whl", hash = "sha256:ba5f8886e850882ff2c2ace5732300e99193823e8107e2c53ef01c1ebfa1e85d", size = 3434744, upload-time = "2025-11-24T23:26:26.944Z" },
    { url = "https://files.pythonhosted.org/packages/08/4b/f10b880534413c65c5b5862f79b8e81553a8f364e5238832ad4c0af71b7f/asyncpg-0.31.0-cp314-cp314-win32.whl", hash = "sha256:cea3a0b2a14f95834cee29432e4ddc399b95700eb1d51bbc5bfee8f31fa07b2b", size = 532251, upload-time = "2025-11-24T23:26:28.404Z" },
    { url = "https://files.pythonhosted.org/packages/d3/2d/7aa40750b7a19efa5d66e67fc06008ca0f27ba1bd082e457ad82f59aba49/asyncpg-0.31.0-cp314-cp314-win_amd64.whl", hash = "sha256:04d19392716af6b029411a0264d92093b6e5e8285ae97a39957b9a9c14ea72be", size = 604901, upload-time = "2025-11-24T23:26:30.34Z" },
    { url = "https://files.pythonhosted.org/packages/ce/fe/b9dfe349b83b9dee28cc42360d2c86b2cdce4cb551a2c2d27e156bcac84d/asyncpg-0.31.0-cp314-cp314t-macosx_10_15_x86_64.whl", hash = "sha256:bdb957706da132e982cc6856bb2f7b740603472b54c3ebc77fe60ea3e57e1bd2", size = 702280, upload-time = "2025-11-24T23:26:32Z" },
    { url = "https://files.pythonhosted.org/packages/6a/81/e6be6e37e560bd91e6c23ea8a6138a04fd057b08cf63d3c5055c98e81c1d/asyncpg-0.31.0-cp314-cp314t-macosx_11_0_arm64.whl", hash = "sha256:6d11b198111a72f47154fa03b85799f9be63701e068b43f84ac25da0bda9cb31", size = 682931, upload-time = "2025-11-24T23:26:33.572Z" },
    { url = "https://files.pythonhosted.org/packages/a6/45/6009040da85a1648dd5bc75b3b0a062081c483e75a1a29041ae63a0bf0dc/asyncpg-0.31.0-cp314-cp314t-manylinux2014_aarch64.manylinux_2_17_aarch64.manylinux_2_28_aarch64.whl", hash = "sha256:18c83b03bc0d1b23e6230f5bf8d4f217dc9bc08644ce0502a9d91dc9e634a9c7", size = 3581608, upload-time = "2025-11-24T23:26:35.638Z" },
    { url = "https://files.pythonhosted.org/packages/7e/06/2e3d4d7608b0b2b3adbee0d0bd6a2d29ca0fc4d8a78f8277df04e2d1fd7b/asyncpg-0.31.0-cp314-cp314t-manylinux2014_x86_64.manylinux_2_17_x86_64.manylinux_2_28_x86_64.whl", hash = "sha256:e009abc333464ff18b8f6fd146addffd9aaf63e79aa3bb40ab7a4c332d0c5e9e", size = 3498738, upload-time = "2025-11-24T23:26:37.275Z" },
    { url = "https://files.pythonhosted.org/packages/7d/aa/7d75ede780033141c51d83577ea23236ba7d3a23593929b32b49db8ed36e/asyncpg-0.31.0-cp314-cp314t-musllinux_1_2_aarch64.whl", hash = "sha256:3b1fbcb0e396a5ca435a8826a87e5c2c2cc0c8c68eb6fadf82168056b0e53a8c", size = 3401026, upload-time = "2025-11-24T23:26:39.423Z" },
    { url = "https://files.pythonhosted.org/packages/ba/7a/15e37d45e7f7c94facc1e9148c0e455e8f33c08f0b8a0b1deb2c5171771b/asyncpg-0.31.0-cp314-cp314t-musllinux_1_2_x86_64.whl", hash = "sha256:8df714dba348efcc162d2adf02d213e5fab1bd9f557e1305633e851a61814a7a", size = 3429426, upload-time = "2025-11-24T23:26:41.032Z" },
    { url = "https://files.pythonhosted.org/packages/13/d5/71437c5f6ae5f307828710efbe62163974e71237d5d46ebd2869ea052d10/asyncpg-0.31.0-cp314-cp314t-win32.whl", hash = "sha256:1b41f1afb1033f2b44f3234993b15096ddc9cd71b21a42dbd87fc6a57b43d65d", size = 614495, upload-time = "2025-11-24T23:26:42.659Z" },
    { url = "https://files.pythonhosted.org/packages/3c/d7/8fb3044eaef08a310acfe23dae9a8e2e07d305edc29a53497e52bc76eca7/asyncpg-0.31.0-cp314-cp314t-win_amd64.whl", hash = "sha256:bd4107bb7cdd0e9e65fae66a62afd3a249663b844fa34d479f6d5b3bef9c04c3", size = 706062, upload-time = "2025-11-24T23:26:44.086Z" },
]

[[package]]
name = "dnspython"
version = "2.8.0"
source = { registry = "https://pypi.org/simple" }
sdist = { url = "https://files.pythonhosted.org/packages/8c/8b/57666417c0f90f08bcafa776861060426765fdb422eb10212086fb811d26/dnspython-2.8.0.tar.gz", hash = "sha256:181d3c6996452cb1189c4046c61599b84a5a86e099562ffde77d26984ff26d0f", size = 368251, upload-time = "2025-09-07T18:58:00.022Z" }
wheels = [
    { url = "https://files.pythonhosted.org/packages/ba/5a/18ad964b0086c6e62e2e7500f7edc89e3faa45033c71c1893d34eed2b2de/dnspython-2.8.0-py3-none-any.whl", hash = "sha256:01d9bbc4a2d76bf0db7c1f729812ded6d912bd318d3b1cf81d30c0f845dbf3af", size = 331094, upload-time = "2025-09-07T18:57:58.071Z" },
]

[[package]]
name = "lab3"
version = "0.1.0"
source = { virtual = "." }
dependencies = [
    { name = "asyncpg" },
    { name = "pg8000" },
    { name = "pq" },
    { name = "psycopg" },
    { name = "pymongo" },
    { name = "redis" },
]

[package.metadata]
requires-dist = [
    { name = "asyncpg", specifier = ">=0.31.0" },
    { name = "pg8000", specifier = ">=1.31.5" },
    { name = "pq", specifier = ">=1.9.1" },
    { name = "psycopg", specifier = ">=3.3.3" },
    { name = "pymongo", specifier = ">=4.16.0" },
    { name = "redis", specifier = ">=7.4.0" },
]

[[package]]
name = "pg8000"
version = "1.31.5"
source = { registry = "https://pypi.org/simple" }
dependencies = [
    { name = "python-dateutil" },
    { name = "scramp" },
]
sdist = { url = "https://files.pythonhosted.org/packages/c8/9a/077ab21e700051e03d8c5232b6bcb9a1a4d4b6242c9a0226df2cfa306414/pg8000-1.31.5.tar.gz", hash = "sha256:46ebb03be52b7a77c03c725c79da2ca281d6e8f59577ca66b17c9009618cae78", size = 118933, upload-time = "2025-09-14T09:16:49.748Z" }
wheels = [
    { url = "https://files.pythonhosted.org/packages/45/07/5fd183858dff4d24840f07fc845f213cd371a19958558607ba22035dadd7/pg8000-1.31.5-py3-none-any.whl", hash = "sha256:0af2c1926b153307639868d2ee5cef6cd3a7d07448e12736989b10e1d491e201", size = 57816, upload-time = "2025-09-14T09:16:47.798Z" },
]

[[package]]
name = "pq"
version = "1.9.1"
source = { registry = "https://pypi.org/simple" }
sdist = { url = "https://files.pythonhosted.org/packages/a1/79/7babafd0ec7e279078f03a6a402e0160e158028b0afdede436c4efef2004/pq-1.9.1.tar.gz", hash = "sha256:d64af0efb8a3ebd11b2e0e662a6426c5e1e99f7f2e446f4439ba0699193e4ad6", size = 15794, upload-time = "2023-04-04T05:55:07.583Z" }

[[package]]
name = "psycopg"
version = "3.3.3"
source = { registry = "https://pypi.org/simple" }
dependencies = [
    { name = "tzdata", marker = "sys_platform == 'win32'" },
]
sdist = { url = "https://files.pythonhosted.org/packages/d3/b6/379d0a960f8f435ec78720462fd94c4863e7a31237cf81bf76d0af5883bf/psycopg-3.3.3.tar.gz", hash = "sha256:5e9a47458b3c1583326513b2556a2a9473a1001a56c9efe9e587245b43148dd9", size = 165624, upload-time = "2026-02-18T16:52:16.546Z" }
wheels = [
    { url = "https://files.pythonhosted.org/packages/c8/5b/181e2e3becb7672b502f0ed7f16ed7352aca7c109cfb94cf3878a9186db9/psycopg-3.3.3-py3-none-any.whl", hash = "sha256:f96525a72bcfade6584ab17e89de415ff360748c766f0106959144dcbb38c698", size = 212768, upload-time = "2026-02-18T16:46:27.365Z" },
]

[[package]]
name = "pymongo"
version = "4.16.0"
source = { registry = "https://pypi.org/simple" }
dependencies = [
    { name = "dnspython" },
]
sdist = { url = "https://files.pythonhosted.org/packages/65/9c/a4895c4b785fc9865a84a56e14b5bd21ca75aadc3dab79c14187cdca189b/pymongo-4.16.0.tar.gz", hash = "sha256:8ba8405065f6e258a6f872fe62d797a28f383a12178c7153c01ed04e845c600c", size = 2495323, upload-time = "2026-01-07T18:05:48.107Z" }
wheels = [
    { url = "https://files.pythonhosted.org/packages/30/9e/4d343f8d0512002fce17915a89477b9f916bda1205729e042d8f23acf194/pymongo-4.16.0-cp314-cp314-macosx_10_15_x86_64.whl", hash = "sha256:8a254d49a9ffe9d7f888e3c677eed3729b14ce85abb08cd74732cead6ccc3c66", size = 1026634, upload-time = "2026-01-07T18:04:54.359Z" },
    { url = "https://files.pythonhosted.org/packages/c3/e3/341f88c5535df40c0450fda915f582757bb7d988cdfc92990a5e27c4c324/pymongo-4.16.0-cp314-cp314-macosx_11_0_arm64.whl", hash = "sha256:a1bf44e13cf2d44d2ea2e928a8140d5d667304abe1a61c4d55b4906f389fbe64", size = 1026252, upload-time = "2026-01-07T18:04:56.642Z" },
    { url = "https://files.pythonhosted.org/packages/af/64/9471b22eb98f0a2ca0b8e09393de048502111b2b5b14ab1bd9e39708aab5/pymongo-4.16.0-cp314-cp314-manylinux1_i686.manylinux_2_28_i686.manylinux_2_5_i686.whl", hash = "sha256:f1c5f1f818b669875d191323a48912d3fcd2e4906410e8297bb09ac50c4d5ccc", size = 2207399, upload-time = "2026-01-07T18:04:58.255Z" },
    { url = "https://files.pythonhosted.org/packages/87/ac/47c4d50b25a02f21764f140295a2efaa583ee7f17992a5e5fa542b3a690f/pymongo-4.16.0-cp314-cp314-manylinux2014_aarch64.manylinux_2_17_aarch64.manylinux_2_28_aarch64.whl", hash = "sha256:77cfd37a43a53b02b7bd930457c7994c924ad8bbe8dff91817904bcbf291b371", size = 2260595, upload-time = "2026-01-07T18:04:59.788Z" },
    { url = "https://files.pythonhosted.org/packages/ee/1b/0ce1ce9dd036417646b2fe6f63b58127acff3cf96eeb630c34ec9cd675ff/pymongo-4.16.0-cp314-cp314-manylinux2014_ppc64le.manylinux_2_17_ppc64le.manylinux_2_28_ppc64le.whl", hash = "sha256:36ef2fee50eee669587d742fb456e349634b4fcf8926208766078b089054b24b", size = 2366958, upload-time = "2026-01-07T18:05:01.942Z" },
    { url = "https://files.pythonhosted.org/packages/3e/3c/a5a17c0d413aa9d6c17bc35c2b472e9e79cda8068ba8e93433b5f43028e9/pymongo-4.16.0-cp314-cp314-manylinux2014_s390x.manylinux_2_17_s390x.manylinux_2_28_s390x.whl", hash = "sha256:55f8d5a6fe2fa0b823674db2293f92d74cd5f970bc0360f409a1fc21003862d3", size = 2346081, upload-time = "2026-01-07T18:05:03.576Z" },
    { url = "https://files.pythonhosted.org/packages/65/19/f815533d1a88fb8a3b6c6e895bb085ffdae68ccb1e6ed7102202a307f8e2/pymongo-4.16.0-cp314-cp314-manylinux2014_x86_64.manylinux_2_17_x86_64.manylinux_2_28_x86_64.whl", hash = "sha256:9caacac0dd105e2555521002e2d17afc08665187017b466b5753e84c016628e6", size = 2246053, upload-time = "2026-01-07T18:05:05.459Z" },
    { url = "https://files.pythonhosted.org/packages/c6/88/4be3ec78828dc64b212c123114bd6ae8db5b7676085a7b43cc75d0131bd2/pymongo-4.16.0-cp314-cp314-win32.whl", hash = "sha256:c789236366525c3ee3cd6e4e450a9ff629a7d1f4d88b8e18a0aea0615fd7ecf8", size = 989461, upload-time = "2026-01-07T18:05:07.018Z" },
    { url = "https://files.pythonhosted.org/packages/af/5a/ab8d5af76421b34db483c9c8ebc3a2199fb80ae63dc7e18f4cf1df46306a/pymongo-4.16.0-cp314-cp314-win_amd64.whl", hash = "sha256:2b0714d7764efb29bf9d3c51c964aed7c4c7237b341f9346f15ceaf8321fdb35", size = 1017803, upload-time = "2026-01-07T18:05:08.499Z" },
    { url = "https://files.pythonhosted.org/packages/f6/f4/98d68020728ac6423cf02d17cfd8226bf6cce5690b163d30d3f705e8297e/pymongo-4.16.0-cp314-cp314-win_arm64.whl", hash = "sha256:12762e7cc0f8374a8cae3b9f9ed8dabb5d438c7b33329232dd9b7de783454033", size = 997184, upload-time = "2026-01-07T18:05:09.944Z" },
    { url = "https://files.pythonhosted.org/packages/50/00/dc3a271daf06401825b9c1f4f76f018182c7738281ea54b9762aea0560c1/pymongo-4.16.0-cp314-cp314t-macosx_10_15_x86_64.whl", hash = "sha256:1c01e8a7cd0ea66baf64a118005535ab5bf9f9eb63a1b50ac3935dccf9a54abe", size = 1083303, upload-time = "2026-01-07T18:05:11.702Z" },
    { url = "https://files.pythonhosted.org/packages/b8/4b/b5375ee21d12eababe46215011ebc63801c0d2c5ffdf203849d0d79f9852/pymongo-4.16.0-cp314-cp314t-macosx_11_0_arm64.whl", hash = "sha256:4c4872299ebe315a79f7f922051061634a64fda95b6b17677ba57ef00b2ba2a4", size = 1083233, upload-time = "2026-01-07T18:05:13.182Z" },
    { url = "https://files.pythonhosted.org/packages/ee/e3/52efa3ca900622c7dcb56c5e70f15c906816d98905c22d2ee1f84d9a7b60/pymongo-4.16.0-cp314-cp314t-manylinux1_i686.manylinux_2_28_i686.manylinux_2_5_i686.whl", hash = "sha256:78037d02389745e247fe5ab0bcad5d1ab30726eaac3ad79219c7d6bbb07eec53", size = 2527438, upload-time = "2026-01-07T18:05:14.981Z" },
    { url = "https://files.pythonhosted.org/packages/cb/96/43b1be151c734e7766c725444bcbfa1de6b60cc66bfb406203746839dd25/pymongo-4.16.0-cp314-cp314t-manylinux2014_aarch64.manylinux_2_17_aarch64.manylinux_2_28_aarch64.whl", hash = "sha256:c126fb72be2518395cc0465d4bae03125119136462e1945aea19840e45d89cfc", size = 2600399, upload-time = "2026-01-07T18:05:16.794Z" },
    { url = "https://files.pythonhosted.org/packages/e7/62/fa64a5045dfe3a1cd9217232c848256e7bc0136cffb7da4735c5e0d30e40/pymongo-4.16.0-cp314-cp314t-manylinux2014_ppc64le.manylinux_2_17_ppc64le.manylinux_2_28_ppc64le.whl", hash = "sha256:f3867dc225d9423c245a51eaac2cfcd53dde8e0a8d8090bb6aed6e31bd6c2d4f", size = 2720960, upload-time = "2026-01-07T18:05:18.498Z" },
    { url = "https://files.pythonhosted.org/packages/54/7b/01577eb97e605502821273a5bc16ce0fb0be5c978fe03acdbff471471202/pymongo-4.16.0-cp314-cp314t-manylinux2014_s390x.manylinux_2_17_s390x.manylinux_2_28_s390x.whl", hash = "sha256:f25001a955073b80510c0c3db0e043dbbc36904fd69e511c74e3d8640b8a5111", size = 2699344, upload-time = "2026-01-07T18:05:20.073Z" },
    { url = "https://files.pythonhosted.org/packages/55/68/6ef6372d516f703479c3b6cbbc45a5afd307173b1cbaccd724e23919bb1a/pymongo-4.16.0-cp314-cp314t-manylinux2014_x86_64.manylinux_2_17_x86_64.manylinux_2_28_x86_64.whl", hash = "sha256:9d9885aad05f82fd7ea0c9ca505d60939746b39263fa273d0125170da8f59098", size = 2577133, upload-time = "2026-01-07T18:05:22.052Z" },
    { url = "https://files.pythonhosted.org/packages/15/c7/b5337093bb01da852f945802328665f85f8109dbe91d81ea2afe5ff059b9/pymongo-4.16.0-cp314-cp314t-win32.whl", hash = "sha256:948152b30eddeae8355495f9943a3bf66b708295c0b9b6f467de1c620f215487", size = 1040560, upload-time = "2026-01-07T18:05:23.888Z" },
    { url = "https://files.pythonhosted.org/packages/96/8c/5b448cd1b103f3889d5713dda37304c81020ff88e38a826e8a75ddff4610/pymongo-4.16.0-cp314-cp314t-win_amd64.whl", hash = "sha256:f6e42c1bc985d9beee884780ae6048790eb4cd565c46251932906bdb1630034a", size = 1075081, upload-time = "2026-01-07T18:05:26.874Z" },
    { url = "https://files.pythonhosted.org/packages/32/cd/ddc794cdc8500f6f28c119c624252fb6dfb19481c6d7ed150f13cf468a6d/pymongo-4.16.0-cp314-cp314t-win_arm64.whl", hash = "sha256:6b2a20edb5452ac8daa395890eeb076c570790dfce6b7a44d788af74c2f8cf96", size = 1047725, upload-time = "2026-01-07T18:05:28.47Z" },
]

[[package]]
name = "python-dateutil"
version = "2.9.0.post0"
source = { registry = "https://pypi.org/simple" }
dependencies = [
    { name = "six" },
]
sdist = { url = "https://files.pythonhosted.org/packages/66/c0/0c8b6ad9f17a802ee498c46e004a0eb49bc148f2fd230864601a86dcf6db/python-dateutil-2.9.0.post0.tar.gz", hash = "sha256:37dd54208da7e1cd875388217d5e00ebd4179249f90fb72437e91a35459a0ad3", size = 342432, upload-time = "2024-03-01T18:36:20.211Z" }
wheels = [
    { url = "https://files.pythonhosted.org/packages/ec/57/56b9bcc3c9c6a792fcbaf139543cee77261f3651ca9da0c93f5c1221264b/python_dateutil-2.9.0.post0-py2.py3-none-any.whl", hash = "sha256:a8b2bc7bffae282281c8140a97d3aa9c14da0b136dfe83f850eea9a5f7470427", size = 229892, upload-time = "2024-03-01T18:36:18.57Z" },
]

[[package]]
name = "redis"
version = "7.4.0"
source = { registry = "https://pypi.org/simple" }
sdist = { url = "https://files.pythonhosted.org/packages/7b/7f/3759b1d0d72b7c92f0d70ffd9dc962b7b7b5ee74e135f9d7d8ab06b8a318/redis-7.4.0.tar.gz", hash = "sha256:64a6ea7bf567ad43c964d2c30d82853f8df927c5c9017766c55a1d1ed95d18ad", size = 4943913, upload-time = "2026-03-24T09:14:37.53Z" }
wheels = [
    { url = "https://files.pythonhosted.org/packages/74/3a/95deec7db1eb53979973ebd156f3369a72732208d1391cd2e5d127062a32/redis-7.4.0-py3-none-any.whl", hash = "sha256:a9c74a5c893a5ef8455a5adb793a31bb70feb821c86eccb62eebef5a19c429ec", size = 409772, upload-time = "2026-03-24T09:14:35.968Z" },
]

[[package]]
name = "scramp"
version = "1.4.8"
source = { registry = "https://pypi.org/simple" }
dependencies = [
    { name = "asn1crypto" },
]
sdist = { url = "https://files.pythonhosted.org/packages/98/52/a866f1ac9ae9025ec7f9bea803bba9d54796f8a84236165a700831f61b27/scramp-1.4.8.tar.gz", hash = "sha256:bd018fabfe46343cceeb9f1c3e8d23f55770271e777e3accbfaee3ff0a316e71", size = 16630, upload-time = "2026-01-06T21:01:01.083Z" }
wheels = [
    { url = "https://files.pythonhosted.org/packages/90/07/a962d2477331abfdb2c6a8251b65c673dbb07ad707d1882d61562b8b9147/scramp-1.4.8-py3-none-any.whl", hash = "sha256:87c2f15976845a2872fe5490a06097f0d01813cceb53774ea168c911f2ad025c", size = 13121, upload-time = "2026-01-06T21:00:59.474Z" },
]

[[package]]
name = "six"
version = "1.17.0"
source = { registry = "https://pypi.org/simple" }
sdist = { url = "https://files.pythonhosted.org/packages/94/e7/b2c673351809dca68a0e064b6af791aa332cf192da575fd474ed7d6f16a2/six-1.17.0.tar.gz", hash = "sha256:ff70335d468e7eb6ec65b95b99d3a2836546063f63acc5171de367e834932a81", size = 34031, upload-time = "2024-12-04T17:35:28.174Z" }
wheels = [
    { url = "https://files.pythonhosted.org/packages/b7/ce/149a00dd41f10bc29e5921b496af8b574d8413afcd5e30dfa0ed46c2cc5e/six-1.17.0-py2.py3-none-any.whl", hash = "sha256:4721f391ed90541fddacab5acf947aa0d3dc7d27b2e1e8eda2be8970586c3274", size = 11050, upload-time = "2024-12-04T17:35:26.475Z" },
]

[[package]]
name = "tzdata"
version = "2026.1"
source = { registry = "https://pypi.org/simple" }
sdist = { url = "https://files.pythonhosted.org/packages/19/f5/cd531b2d15a671a40c0f66cf06bc3570a12cd56eef98960068ebbad1bf5a/tzdata-2026.1.tar.gz", hash = "sha256:67658a1903c75917309e753fdc349ac0efd8c27db7a0cb406a25be4840f87f98", size = 197639, upload-time = "2026-04-03T11:25:22.002Z" }
wheels = [
    { url = "https://files.pythonhosted.org/packages/b0/70/d460bd685a170790ec89317e9bd33047988e4bce507b831f5db771e142de/tzdata-2026.1-py2.py3-none-any.whl", hash = "sha256:4b1d2be7ac37ceafd7327b961aa3a54e467efbdb563a23655fbfe0d39cfc42a9", size = 348952, upload-time = "2026-04-03T11:25:20.313Z" },
]
